
Microsoft Visual Studio Solution File, Format Version 12.00
# Visual Studio 15
VisualStudioVersion = 15.0.27703.2047
MinimumVisualStudioVersion = 10.0.40219.1
Project("{FAE04EC0-301F-11D3-BF4B-00C04F79EFBC}") = "MyGigHub", "MyGigHub\MyGigHub.csproj", "{532F4F3F-748C-4B43-A646-B85A6C338C4A}"
EndProject
Global
	GlobalSection(SolutionConfigurationPlatforms) = preSolution
		Debug|Any CPU = Debug|Any CPU
		Release|Any CPU = Release|Any CPU
	EndGlobalSection
	GlobalSection(ProjectConfigurationPlatforms) = postSolution
		{532F4F3F-748C-4B43-A646-B85A6C338C4A}.Debug|Any CPU.ActiveCfg = Debug|Any CPU
		{532F4F3F-748C-4B43-A646-B85A6C338C4A}.Debug|Any CPU.Build.0 = Debug|Any CPU
		{532F4F3F-748C-4B43-A646-B85A6C338C4A}.Release|Any CPU.ActiveCfg = Release|Any CPU
		{532F4F3F-748C-4B43-A646-B85A6C338C4A}.Release|Any CPU.Build.0 = Release|Any CPU
	EndGlobalSection
	GlobalSection(SolutionProperties) = preSolution
		HideSolutionNode = FALSE
	EndGlobalSection
	GlobalSection(ExtensibilityGlobals) = postSolution
		SolutionGuid = {423221F9-5881-44E2-BD76-AC805549B629}
	EndGlobalSection
EndGlobal
